
Microsoft Visual Studio Solution File, Format Version 12.00
# Visual Studio Version 16
VisualStudioVersion = 16.0.33027.164
MinimumVisualStudioVersion = 10.0.40219.1
Project("{8BC9CEB8-8B4A-11D0-8D11-00A0C91BC942}") = "NaNaWa_20221219", "NaNaWa_20221219\NaNaWa_20221219.vcxproj", "{A81A54F1-8E15-4454-85B4-8AA09B0CD655}"
EndProject
Global
	GlobalSection(SolutionConfigurationPlatforms) = preSolution
		Debug|x64 = Debug|x64
		Debug|x86 = Debug|x86
		Release|x64 = Release|x64
		Release|x86 = Release|x86
	EndGlobalSection
	GlobalSection(ProjectConfigurationPlatforms) = postSolution
		{A81A54F1-8E15-4454-85B4-8AA09B0CD655}.Debug|x64.ActiveCfg = Debug|x64
		{A81A54F1-8E15-4454-85B4-8AA09B0CD655}.Debug|x64.Build.0 = Debug|x64
		{A81A54F1-8E15-4454-85B4-8AA09B0CD655}.Debug|x86.ActiveCfg = Debug|Win32
		{A81A54F1-8E15-4454-85B4-8AA09B0CD655}.Debug|x86.Build.0 = Debug|Win32
		{A81A54F1-8E15-4454-85B4-8AA09B0CD655}.Release|x64.ActiveCfg = Release|x64
		{A81A54F1-8E15-4454-85B4-8AA09B0CD655}.Release|x64.Build.0 = Release|x64
		{A81A54F1-8E15-4454-85B4-8AA09B0CD655}.Release|x86.ActiveCfg = Release|Win32
		{A81A54F1-8E15-4454-85B4-8AA09B0CD655}.Release|x86.Build.0 = Release|Win32
	EndGlobalSection
	GlobalSection(SolutionProperties) = preSolution
		HideSolutionNode = FALSE
	EndGlobalSection
	GlobalSection(ExtensibilityGlobals) = postSolution
		SolutionGuid = {6360A296-3A43-4F3A-8FF7-D5AB55B09A15}
	EndGlobalSection
EndGlobal
