
Microsoft Visual Studio Solution File, Format Version 12.00
# Visual Studio Version 16
VisualStudioVersion = 16.0.33027.164
MinimumVisualStudioVersion = 10.0.40219.1
Project("{8BC9CEB8-8B4A-11D0-8D11-00A0C91BC942}") = "23.01.10_2", "23.01.10_2\23.01.10_2.vcxproj", "{D917EC61-A5BA-4708-9C34-C8CC6FF13D76}"
EndProject
Global
	GlobalSection(SolutionConfigurationPlatforms) = preSolution
		Debug|x64 = Debug|x64
		Debug|x86 = Debug|x86
		Release|x64 = Release|x64
		Release|x86 = Release|x86
	EndGlobalSection
	GlobalSection(ProjectConfigurationPlatforms) = postSolution
		{D917EC61-A5BA-4708-9C34-C8CC6FF13D76}.Debug|x64.ActiveCfg = Debug|x64
		{D917EC61-A5BA-4708-9C34-C8CC6FF13D76}.Debug|x64.Build.0 = Debug|x64
		{D917EC61-A5BA-4708-9C34-C8CC6FF13D76}.Debug|x86.ActiveCfg = Debug|Win32
		{D917EC61-A5BA-4708-9C34-C8CC6FF13D76}.Debug|x86.Build.0 = Debug|Win32
		{D917EC61-A5BA-4708-9C34-C8CC6FF13D76}.Release|x64.ActiveCfg = Release|x64
		{D917EC61-A5BA-4708-9C34-C8CC6FF13D76}.Release|x64.Build.0 = Release|x64
		{D917EC61-A5BA-4708-9C34-C8CC6FF13D76}.Release|x86.ActiveCfg = Release|Win32
		{D917EC61-A5BA-4708-9C34-C8CC6FF13D76}.Release|x86.Build.0 = Release|Win32
	EndGlobalSection
	GlobalSection(SolutionProperties) = preSolution
		HideSolutionNode = FALSE
	EndGlobalSection
	GlobalSection(ExtensibilityGlobals) = postSolution
		SolutionGuid = {25BEA76C-BF5A-4CD7-8B7A-EECC3AD823EE}
	EndGlobalSection
EndGlobal
